// !$*UTF8*$!
{
	archiveVersion = 1;
	classes = {
	};
	objectVersion = 48;
	objects = {

/* Begin PBXBuildFile section */
		221F6EED1F095007003755B8 /* AppDelegate.m in Sources */ = {isa = PBXBuildFile; fileRef = 221F6EEC1F095007003755B8 /* AppDelegate.m */; };
		221F6EF01F095007003755B8 /* ViewController.m in Sources */ = {isa = PBXBuildFile; fileRef = 221F6EEF1F095007003755B8 /* ViewController.m */; };
		221F6EF31F095007003755B8 /* Main.storyboard in Resources */ = {isa = PBXBuildFile; fileRef = 221F6EF11F095007003755B8 /* Main.storyboard */; };
		221F6EF51F095007003755B8 /* Assets.xcassets in Resources */ = {isa = PBXBuildFile; fileRef = 221F6EF41F095007003755B8 /* Assets.xcassets */; };
		221F6EF81F095007003755B8 /* LaunchScreen.storyboard in Resources */ = {isa = PBXBuildFile; fileRef = 221F6EF61F095007003755B8 /* LaunchScreen.storyboard */; };
		221F6EFB1F095007003755B8 /* main.m in Sources */ = {isa = PBXBuildFile; fileRef = 221F6EFA1F095007003755B8 /* main.m */; };
		22AA194A1FC9563400A6825F /* GammaController.m in Sources */ = {isa = PBXBuildFile; fileRef = 22AA19491FC9563400A6825F /* GammaController.m */; };
/* End PBXBuildFile section */

/* Begin PBXFileReference section */
		221F6EE81F095007003755B8 /* RootlessColor.app */ = {isa = PBXFileReference; explicitFileType = wrapper.application; includeInIndex = 0; path = RootlessColor.app; sourceTree = BUILT_PRODUCTS_DIR; };
		221F6EEB1F095007003755B8 /* AppDelegate.h */ = {isa = PBXFileReference; lastKnownFileType = sourcecode.c.h; path = AppDelegate.h; sourceTree = "<group>"; };
		221F6EEC1F095007003755B8 /* AppDelegate.m */ = {isa = PBXFileReference; lastKnownFileType = sourcecode.c.objc; path = AppDelegate.m; sourceTree = "<group>"; };
		221F6EEE1F095007003755B8 /* ViewController.h */ = {isa = PBXFileReference; lastKnownFileType = sourcecode.c.h; path = ViewController.h; sourceTree = "<group>"; };
		221F6EEF1F095007003755B8 /* ViewController.m */ = {isa = PBXFileReference; lastKnownFileType = sourcecode.c.objc; path = ViewController.m; sourceTree = "<group>"; };
		221F6EF21F095007003755B8 /* Base */ = {isa = PBXFileReference; lastKnownFileType = file.storyboard; name = Base; path = Base.lproj/Main.storyboard; sourceTree = "<group>"; };
		221F6EF41F095007003755B8 /* Assets.xcassets */ = {isa = PBXFileReference; lastKnownFileType = folder.assetcatalog; path = Assets.xcassets; sourceTree = "<group>"; };
		221F6EF71F095007003755B8 /* Base */ = {isa = PBXFileReference; lastKnownFileType = file.storyboard; name = Base; path = Base.lproj/LaunchScreen.storyboard; sourceTree = "<group>"; };
		221F6EF91F095007003755B8 /* Info.plist */ = {isa = PBXFileReference; lastKnownFileType = text.plist.xml; path = Info.plist; sourceTree = "<group>"; };
		221F6EFA1F095007003755B8 /* main.m */ = {isa = PBXFileReference; lastKnownFileType = sourcecode.c.objc; path = main.m; sourceTree = "<group>"; };
		221F6F081F095074003755B8 /* IOHIDDisplay.h */ = {isa = PBXFileReference; lastKnownFileType = sourcecode.c.h; path = IOHIDDisplay.h; sourceTree = "<group>"; };
		221F6F091F095074003755B8 /* IOHIDEvent.h */ = {isa = PBXFileReference; lastKnownFileType = sourcecode.c.h; path = IOHIDEvent.h; sourceTree = "<group>"; };
		221F6F0A1F095074003755B8 /* IOHIDEventData.h */ = {isa = PBXFileReference; lastKnownFileType = sourcecode.c.h; path = IOHIDEventData.h; sourceTree = "<group>"; };
		221F6F0B1F095074003755B8 /* IOHIDEventQueue.h */ = {isa = PBXFileReference; lastKnownFileType = sourcecode.c.h; path = IOHIDEventQueue.h; sourceTree = "<group>"; };
		221F6F0C1F095074003755B8 /* IOHIDEventSystem.h */ = {isa = PBXFileReference; lastKnownFileType = sourcecode.c.h; path = IOHIDEventSystem.h; sourceTree = "<group>"; };
		221F6F0D1F095074003755B8 /* IOHIDEventSystemClient.h */ = {isa = PBXFileReference; lastKnownFileType = sourcecode.c.h; path = IOHIDEventSystemClient.h; sourceTree = "<group>"; };
		221F6F0E1F095074003755B8 /* IOHIDEventTypes.h */ = {isa = PBXFileReference; lastKnownFileType = sourcecode.c.h; path = IOHIDEventTypes.h; sourceTree = "<group>"; };
		221F6F0F1F095074003755B8 /* IOHIDNotification.h */ = {isa = PBXFileReference; lastKnownFileType = sourcecode.c.h; path = IOHIDNotification.h; sourceTree = "<group>"; };
		221F6F101F095074003755B8 /* IOHIDService.h */ = {isa = PBXFileReference; lastKnownFileType = sourcecode.c.h; path = IOHIDService.h; sourceTree = "<group>"; };
		221F6F111F095074003755B8 /* IOHIDSession.h */ = {isa = PBXFileReference; lastKnownFileType = sourcecode.c.h; path = IOHIDSession.h; sourceTree = "<group>"; };
		221F6F121F095074003755B8 /* IOHIDUserDevice.h */ = {isa = PBXFileReference; lastKnownFileType = sourcecode.c.h; path = IOHIDUserDevice.h; sourceTree = "<group>"; };
		221F6F131F095074003755B8 /* IOKit.h */ = {isa = PBXFileReference; lastKnownFileType = sourcecode.c.h; path = IOKit.h; sourceTree = "<group>"; };
		221F6F141F095074003755B8 /* IOKitKeys.h */ = {isa = PBXFileReference; lastKnownFileType = sourcecode.c.h; path = IOKitKeys.h; sourceTree = "<group>"; };
		221F6F151F095074003755B8 /* IOKitLib.h */ = {isa = PBXFileReference; lastKnownFileType = sourcecode.c.h; path = IOKitLib.h; sourceTree = "<group>"; };
		221F6F161F095074003755B8 /* IOMessage.h */ = {isa = PBXFileReference; lastKnownFileType = sourcecode.c.h; path = IOMessage.h; sourceTree = "<group>"; };
		221F6F171F095074003755B8 /* IOReturn.h */ = {isa = PBXFileReference; lastKnownFileType = sourcecode.c.h; path = IOReturn.h; sourceTree = "<group>"; };
		221F6F181F095074003755B8 /* IOTypes.h */ = {isa = PBXFileReference; lastKnownFileType = sourcecode.c.h; path = IOTypes.h; sourceTree = "<group>"; };
		221F6F191F095074003755B8 /* OSKext.h */ = {isa = PBXFileReference; lastKnownFileType = sourcecode.c.h; path = OSKext.h; sourceTree = "<group>"; };
		221F6F1A1F095074003755B8 /* OSMessageNotification.h */ = {isa = PBXFileReference; lastKnownFileType = sourcecode.c.h; path = OSMessageNotification.h; sourceTree = "<group>"; };
		221F6F1C1F095074003755B8 /* IOPowerSources.h */ = {isa = PBXFileReference; lastKnownFileType = sourcecode.c.h; path = IOPowerSources.h; sourceTree = "<group>"; };
		221F6F1D1F095074003755B8 /* IOPSKeys.h */ = {isa = PBXFileReference; lastKnownFileType = sourcecode.c.h; path = IOPSKeys.h; sourceTree = "<group>"; };
		221F6F1E1F095074003755B8 /* IOUPSPlugIn.h */ = {isa = PBXFileReference; lastKnownFileType = sourcecode.c.h; path = IOUPSPlugIn.h; sourceTree = "<group>"; };
		221F6F201F095074003755B8 /* IOPM.h */ = {isa = PBXFileReference; lastKnownFileType = sourcecode.c.h; path = IOPM.h; sourceTree = "<group>"; };
		221F6F211F095074003755B8 /* IOPMKeys.h */ = {isa = PBXFileReference; lastKnownFileType = sourcecode.c.h; path = IOPMKeys.h; sourceTree = "<group>"; };
		221F6F221F095074003755B8 /* IOPMLib.h */ = {isa = PBXFileReference; lastKnownFileType = sourcecode.c.h; path = IOPMLib.h; sourceTree = "<group>"; };
		221F6F231F095074003755B8 /* IOPMLibDefs.h */ = {isa = PBXFileReference; lastKnownFileType = sourcecode.c.h; path = IOPMLibDefs.h; sourceTree = "<group>"; };
		221F6F241F0959E1003755B8 /* README.md */ = {isa = PBXFileReference; lastKnownFileType = net.daringfireball.markdown; path = README.md; sourceTree = "<group>"; };
		221F6F271F095EE4003755B8 /* IMG_1258.PNG */ = {isa = PBXFileReference; lastKnownFileType = image.png; path = IMG_1258.PNG; sourceTree = "<group>"; };
		22AA19481FC9563400A6825F /* GammaController.h */ = {isa = PBXFileReference; fileEncoding = 4; lastKnownFileType = sourcecode.c.h; name = GammaController.h; path = "../../../../../Downloads/GammaThingy-master/GammaTest/mvc/controller/GammaController.h"; sourceTree = "<group>"; };
		22AA19491FC9563400A6825F /* GammaController.m */ = {isa = PBXFileReference; fileEncoding = 4; lastKnownFileType = sourcecode.c.objc; name = GammaController.m; path = "../../../../../Downloads/GammaThingy-master/GammaTest/mvc/controller/GammaController.m"; sourceTree = "<group>"; };
/* End PBXFileReference section */

/* Begin PBXFrameworksBuildPhase section */
		221F6EE51F095007003755B8 /* Frameworks */ = {
			isa = PBXFrameworksBuildPhase;
			buildActionMask = 2147483647;
			files = (
			);
			runOnlyForDeploymentPostprocessing = 0;
		};
/* End PBXFrameworksBuildPhase section */

/* Begin PBXGroup section */
		221F6EDF1F095007003755B8 = {
			isa = PBXGroup;
			children = (
				221F6F241F0959E1003755B8 /* README.md */,
				221F6F271F095EE4003755B8 /* IMG_1258.PNG */,
				221F6EEA1F095007003755B8 /* RootlessColor */,
				221F6EE91F095007003755B8 /* Products */,
			);
			sourceTree = "<group>";
		};
		221F6EE91F095007003755B8 /* Products */ = {
			isa = PBXGroup;
			children = (
				221F6EE81F095007003755B8 /* RootlessColor.app */,
			);
			name = Products;
			sourceTree = "<group>";
		};
		221F6EEA1F095007003755B8 /* RootlessColor */ = {
			isa = PBXGroup;
			children = (
				221F6EEB1F095007003755B8 /* AppDelegate.h */,
				221F6EEC1F095007003755B8 /* AppDelegate.m */,
				221F6EEE1F095007003755B8 /* ViewController.h */,
				221F6EEF1F095007003755B8 /* ViewController.m */,
				22AA19481FC9563400A6825F /* GammaController.h */,
				22AA19491FC9563400A6825F /* GammaController.m */,
				221F6EF11F095007003755B8 /* Main.storyboard */,
				221F6EF41F095007003755B8 /* Assets.xcassets */,
				221F6EF61F095007003755B8 /* LaunchScreen.storyboard */,
				221F6EF91F095007003755B8 /* Info.plist */,
				221F6F061F095074003755B8 /* IOKit Headers */,
				221F6EFA1F095007003755B8 /* main.m */,
			);
			path = RootlessColor;
			sourceTree = "<group>";
		};
		221F6F061F095074003755B8 /* IOKit Headers */ = {
			isa = PBXGroup;
			children = (
				221F6F071F095074003755B8 /* hid */,
				221F6F131F095074003755B8 /* IOKit.h */,
				221F6F141F095074003755B8 /* IOKitKeys.h */,
				221F6F151F095074003755B8 /* IOKitLib.h */,
				221F6F161F095074003755B8 /* IOMessage.h */,
				221F6F171F095074003755B8 /* IOReturn.h */,
				221F6F181F095074003755B8 /* IOTypes.h */,
				221F6F191F095074003755B8 /* OSKext.h */,
				221F6F1A1F095074003755B8 /* OSMessageNotification.h */,
				221F6F1B1F095074003755B8 /* ps */,
				221F6F1F1F095074003755B8 /* pwr_mgt */,
			);
			path = "IOKit Headers";
			sourceTree = "<group>";
		};
		221F6F071F095074003755B8 /* hid */ = {
			isa = PBXGroup;
			children = (
				221F6F081F095074003755B8 /* IOHIDDisplay.h */,
				221F6F091F095074003755B8 /* IOHIDEvent.h */,
				221F6F0A1F095074003755B8 /* IOHIDEventData.h */,
				221F6F0B1F095074003755B8 /* IOHIDEventQueue.h */,
				221F6F0C1F095074003755B8 /* IOHIDEventSystem.h */,
				221F6F0D1F095074003755B8 /* IOHIDEventSystemClient.h */,
				221F6F0E1F095074003755B8 /* IOHIDEventTypes.h */,
				221F6F0F1F095074003755B8 /* IOHIDNotification.h */,
				221F6F101F095074003755B8 /* IOHIDService.h */,
				221F6F111F095074003755B8 /* IOHIDSession.h */,
				221F6F121F095074003755B8 /* IOHIDUserDevice.h */,
			);
			path = hid;
			sourceTree = "<group>";
		};
		221F6F1B1F095074003755B8 /* ps */ = {
			isa = PBXGroup;
			children = (
				221F6F1C1F095074003755B8 /* IOPowerSources.h */,
				221F6F1D1F095074003755B8 /* IOPSKeys.h */,
				221F6F1E1F095074003755B8 /* IOUPSPlugIn.h */,
			);
			path = ps;
			sourceTree = "<group>";
		};
		221F6F1F1F095074003755B8 /* pwr_mgt */ = {
			isa = PBXGroup;
			children = (
				221F6F201F095074003755B8 /* IOPM.h */,
				221F6F211F095074003755B8 /* IOPMKeys.h */,
				221F6F221F095074003755B8 /* IOPMLib.h */,
				221F6F231F095074003755B8 /* IOPMLibDefs.h */,
			);
			path = pwr_mgt;
			sourceTree = "<group>";
		};
/* End PBXGroup section */

/* Begin PBXNativeTarget section */
		221F6EE71F095007003755B8 /* RootlessColor */ = {
			isa = PBXNativeTarget;
			buildConfigurationList = 221F6EFE1F095007003755B8 /* Build configuration list for PBXNativeTarget "RootlessColor" */;
			buildPhases = (
				221F6EE41F095007003755B8 /* Sources */,
				221F6EE51F095007003755B8 /* Frameworks */,
				221F6EE61F095007003755B8 /* Resources */,
			);
			buildRules = (
			);
			dependencies = (
			);
			name = RootlessColor;
			productName = RootlessColor;
			productReference = 221F6EE81F095007003755B8 /* RootlessColor.app */;
			productType = "com.apple.product-type.application";
		};
/* End PBXNativeTarget section */

/* Begin PBXProject section */
		221F6EE01F095007003755B8 /* Project object */ = {
			isa = PBXProject;
			attributes = {
				LastUpgradeCheck = 0900;
				ORGANIZATIONNAME = "Salman Husain";
				TargetAttributes = {
					221F6EE71F095007003755B8 = {
						CreatedOnToolsVersion = 9.0;
					};
				};
			};
			buildConfigurationList = 221F6EE31F095007003755B8 /* Build configuration list for PBXProject "RootlessColor" */;
			compatibilityVersion = "Xcode 8.0";
			developmentRegion = en;
			hasScannedForEncodings = 0;
			knownRegions = (
				en,
				Base,
			);
			mainGroup = 221F6EDF1F095007003755B8;
			productRefGroup = 221F6EE91F095007003755B8 /* Products */;
			projectDirPath = "";
			projectRoot = "";
			targets = (
				221F6EE71F095007003755B8 /* RootlessColor */,
			);
		};
/* End PBXProject section */

/* Begin PBXResourcesBuildPhase section */
		221F6EE61F095007003755B8 /* Resources */ = {
			isa = PBXResourcesBuildPhase;
			buildActionMask = 2147483647;
			files = (
				221F6EF81F095007003755B8 /* LaunchScreen.storyboard in Resources */,
				221F6EF51F095007003755B8 /* Assets.xcassets in Resources */,
				221F6EF31F095007003755B8 /* Main.storyboard in Resources */,
			);
			runOnlyForDeploymentPostprocessing = 0;
		};
/* End PBXResourcesBuildPhase section */

/* Begin PBXSourcesBuildPhase section */
		221F6EE41F095007003755B8 /* Sources */ = {
			isa = PBXSourcesBuildPhase;
			buildActionMask = 2147483647;
			files = (
				221F6EF01F095007003755B8 /* ViewController.m in Sources */,
				221F6EFB1F095007003755B8 /* main.m in Sources */,
				221F6EED1F095007003755B8 /* AppDelegate.m in Sources */,
				22AA194A1FC9563400A6825F /* GammaController.m in Sources */,
			);
			runOnlyForDeploymentPostprocessing = 0;
		};
/* End PBXSourcesBuildPhase section */

/* Begin PBXVariantGroup section */
		221F6EF11F095007003755B8 /* Main.storyboard */ = {
			isa = PBXVariantGroup;
			children = (
				221F6EF21F095007003755B8 /* Base */,
			);
			name = Main.storyboard;
			sourceTree = "<group>";
		};
		221F6EF61F095007003755B8 /* LaunchScreen.storyboard */ = {
			isa = PBXVariantGroup;
			children = (
				221F6EF71F095007003755B8 /* Base */,
			);
			name = LaunchScreen.storyboard;
			sourceTree = "<group>";
		};
/* End PBXVariantGroup section */

/* Begin XCBuildConfiguration section */
		221F6EFC1F095007003755B8 /* Debug */ = {
			isa = XCBuildConfiguration;
			buildSettings = {
				ALWAYS_SEARCH_USER_PATHS = NO;
				CLANG_ANALYZER_NONNULL = YES;
				CLANG_ANALYZER_NUMBER_OBJECT_CONVERSION = YES_AGGRESSIVE;
				CLANG_CXX_LANGUAGE_STANDARD = "gnu++14";
				CLANG_CXX_LIBRARY = "libc++";
				CLANG_ENABLE_MODULES = YES;
				CLANG_ENABLE_OBJC_ARC = YES;
				CLANG_WARN_BLOCK_CAPTURE_AUTORELEASING = YES;
				CLANG_WARN_BOOL_CONVERSION = YES;
				CLANG_WARN_COMMA = YES;
				CLANG_WARN_CONSTANT_CONVERSION = YES;
				CLANG_WARN_DIRECT_OBJC_ISA_USAGE = YES_ERROR;
				CLANG_WARN_DOCUMENTATION_COMMENTS = YES;
				CLANG_WARN_EMPTY_BODY = YES;
				CLANG_WARN_ENUM_CONVERSION = YES;
				CLANG_WARN_INFINITE_RECURSION = YES;
				CLANG_WARN_INT_CONVERSION = YES;
				CLANG_WARN_OBJC_ROOT_CLASS = YES_ERROR;
				CLANG_WARN_RANGE_LOOP_ANALYSIS = YES;
				CLANG_WARN_STRICT_PROTOTYPES = YES;
				CLANG_WARN_SUSPICIOUS_MOVE = YES;
				CLANG_WARN_UNGUARDED_AVAILABILITY = YES_AGGRESSIVE;
				CLANG_WARN_UNREACHABLE_CODE = YES;
				CLANG_WARN__DUPLICATE_METHOD_MATCH = YES;
				CODE_SIGN_IDENTITY = "iPhone Developer";
				COPY_PHASE_STRIP = NO;
				DEBUG_INFORMATION_FORMAT = dwarf;
				ENABLE_STRICT_OBJC_MSGSEND = YES;
				ENABLE_TESTABILITY = YES;
				GCC_C_LANGUAGE_STANDARD = gnu11;
				GCC_DYNAMIC_NO_PIC = NO;
				GCC_NO_COMMON_BLOCKS = YES;
				GCC_OPTIMIZATION_LEVEL = 0;
				GCC_PREPROCESSOR_DEFINITIONS = (
					"DEBUG=1",
					"$(inherited)",
				);
				GCC_WARN_64_TO_32_BIT_CONVERSION = YES;
				GCC_WARN_ABOUT_RETURN_TYPE = YES_ERROR;
				GCC_WARN_UNDECLARED_SELECTOR = YES;
				GCC_WARN_UNINITIALIZED_AUTOS = YES_AGGRESSIVE;
				GCC_WARN_UNUSED_FUNCTION = YES;
				GCC_WARN_UNUSED_VARIABLE = YES;
				IPHONEOS_DEPLOYMENT_TARGET = 11.0;
				MTL_ENABLE_DEBUG_INFO = YES;
				ONLY_ACTIVE_ARCH = YES;
				SDKROOT = iphoneos;
			};
			name = Debug;
		};
		221F6EFD1F095007003755B8 /* Release */ = {
			isa = XCBuildConfiguration;
			buildSettings = {
				ALWAYS_SEARCH_USER_PATHS = NO;
				CLANG_ANALYZER_NONNULL = YES;
				CLANG_ANALYZER_NUMBER_OBJECT_CONVERSION = YES_AGGRESSIVE;
				CLANG_CXX_LANGUAGE_STANDARD = "gnu++14";
				CLANG_CXX_LIBRARY = "libc++";
				CLANG_ENABLE_MODULES = YES;
				CLANG_ENABLE_OBJC_ARC = YES;
				CLANG_WARN_BLOCK_CAPTURE_AUTORELEASING = YES;
				CLANG_WARN_BOOL_CONVERSION = YES;
				CLANG_WARN_COMMA = YES;
				CLANG_WARN_CONSTANT_CONVERSION = YES;
				CLANG_WARN_DIRECT_OBJC_ISA_USAGE = YES_ERROR;
				CLANG_WARN_DOCUMENTATION_COMMENTS = YES;
				CLANG_WARN_EMPTY_BODY = YES;
				CLANG_WARN_ENUM_CONVERSION = YES;
				CLANG_WARN_INFINITE_RECURSION = YES;
				CLANG_WARN_INT_CONVERSION = YES;
				CLANG_WARN_OBJC_ROOT_CLASS = YES_ERROR;
				CLANG_WARN_RANGE_LOOP_ANALYSIS = YES;
				CLANG_WARN_STRICT_PROTOTYPES = YES;
				CLANG_WARN_SUSPICIOUS_MOVE = YES;
				CLANG_WARN_UNGUARDED_AVAILABILITY = YES_AGGRESSIVE;
				CLANG_WARN_UNREACHABLE_CODE = YES;
				CLANG_WARN__DUPLICATE_METHOD_MATCH = YES;
				CODE_SIGN_IDENTITY = "iPhone Developer";
				COPY_PHASE_STRIP = NO;
				DEBUG_INFORMATION_FORMAT = "dwarf-with-dsym";
				ENABLE_NS_ASSERTIONS = NO;
				ENABLE_STRICT_OBJC_MSGSEND = YES;
				GCC_C_LANGUAGE_STANDARD = gnu11;
				GCC_NO_COMMON_BLOCKS = YES;
				GCC_WARN_64_TO_32_BIT_CONVERSION = YES;
				GCC_WARN_ABOUT_RETURN_TYPE = YES_ERROR;
				GCC_WARN_UNDECLARED_SELECTOR = YES;
				GCC_WARN_UNINITIALIZED_AUTOS = YES_AGGRESSIVE;
				GCC_WARN_UNUSED_FUNCTION = YES;
				GCC_WARN_UNUSED_VARIABLE = YES;
				IPHONEOS_DEPLOYMENT_TARGET = 11.0;
				MTL_ENABLE_DEBUG_INFO = NO;
				SDKROOT = iphoneos;
				VALIDATE_PRODUCT = YES;
			};
			name = Release;
		};
		221F6EFF1F095007003755B8 /* Debug */ = {
			isa = XCBuildConfiguration;
			buildSettings = {
				ASSETCATALOG_COMPILER_APPICON_NAME = AppIcon;
				DEVELOPMENT_TEAM = XBKLZPN8YT;
				INFOPLIST_FILE = RootlessColor/Info.plist;
				IPHONEOS_DEPLOYMENT_TARGET = 7.0;
				LD_RUNPATH_SEARCH_PATHS = "$(inherited) @executable_path/Frameworks";
				PRODUCT_BUNDLE_IDENTIFIER = com.CarbonDev.RootlessColor;
				PRODUCT_NAME = "$(TARGET_NAME)";
				TARGETED_DEVICE_FAMILY = "1,2";
			};
			name = Debug;
		};
		221F6F001F095007003755B8 /* Release */ = {
			isa = XCBuildConfiguration;
			buildSettings = {
				ASSETCATALOG_COMPILER_APPICON_NAME = AppIcon;
				DEVELOPMENT_TEAM = XBKLZPN8YT;
				INFOPLIST_FILE = RootlessColor/Info.plist;
				IPHONEOS_DEPLOYMENT_TARGET = 7.0;
				LD_RUNPATH_SEARCH_PATHS = "$(inherited) @executable_path/Frameworks";
				PRODUCT_BUNDLE_IDENTIFIER = com.CarbonDev.RootlessColor;
				PRODUCT_NAME = "$(TARGET_NAME)";
				TARGETED_DEVICE_FAMILY = "1,2";
			};
			name = Release;
		};
/* End XCBuildConfiguration section */

/* Begin XCConfigurationList section */
		221F6EE31F095007003755B8 /* Build configuration list for PBXProject "RootlessColor" */ = {
			isa = XCConfigurationList;
			buildConfigurations = (
				221F6EFC1F095007003755B8 /* Debug */,
				221F6EFD1F095007003755B8 /* Release */,
			);
			defaultConfigurationIsVisible = 0;
			defaultConfigurationName = Release;
		};
		221F6EFE1F095007003755B8 /* Build configuration list for PBXNativeTarget "RootlessColor" */ = {
			isa = XCConfigurationList;
			buildConfigurations = (
				221F6EFF1F095007003755B8 /* Debug */,
				221F6F001F095007003755B8 /* Release */,
			);
			defaultConfigurationIsVisible = 0;
			defaultConfigurationName = Release;
		};
/* End XCConfigurationList section */
	};
	rootObject = 221F6EE01F095007003755B8 /* Project object */;
}
